
Microsoft Visual Studio Solution File, Format Version 12.00
# Visual Studio 14
VisualStudioVersion = 14.0.25420.1
MinimumVisualStudioVersion = 10.0.40219.1
Project("{FAE04EC0-301F-11D3-BF4B-00C04F79EFBC}") = "Server", "Server\Server.csproj", "{DD403E63-3543-4AD4-B96C-9476A653F661}"
EndProject
Project("{FAE04EC0-301F-11D3-BF4B-00C04F79EFBC}") = "Client", "Client\Client.csproj", "{8DB0F011-9333-4508-880D-15D467FE5C49}"
EndProject
Project("{FAE04EC0-301F-11D3-BF4B-00C04F79EFBC}") = "TaipTestProject", "TaipTestProject\TaipTestProject.csproj", "{2DEA83F4-939F-465E-8C6C-612ACEAE27D1}"
EndProject
Global
	GlobalSection(SolutionConfigurationPlatforms) = preSolution
		Debug|Any CPU = Debug|Any CPU
		Release|Any CPU = Release|Any CPU
	EndGlobalSection
	GlobalSection(ProjectConfigurationPlatforms) = postSolution
		{DD403E63-3543-4AD4-B96C-9476A653F661}.Debug|Any CPU.ActiveCfg = Debug|Any CPU
		{DD403E63-3543-4AD4-B96C-9476A653F661}.Debug|Any CPU.Build.0 = Debug|Any CPU
		{DD403E63-3543-4AD4-B96C-9476A653F661}.Release|Any CPU.ActiveCfg = Release|Any CPU
		{DD403E63-3543-4AD4-B96C-9476A653F661}.Release|Any CPU.Build.0 = Release|Any CPU
		{8DB0F011-9333-4508-880D-15D467FE5C49}.Debug|Any CPU.ActiveCfg = Debug|Any CPU
		{8DB0F011-9333-4508-880D-15D467FE5C49}.Debug|Any CPU.Build.0 = Debug|Any CPU
		{8DB0F011-9333-4508-880D-15D467FE5C49}.Release|Any CPU.ActiveCfg = Release|Any CPU
		{8DB0F011-9333-4508-880D-15D467FE5C49}.Release|Any CPU.Build.0 = Release|Any CPU
		{2DEA83F4-939F-465E-8C6C-612ACEAE27D1}.Debug|Any CPU.ActiveCfg = Debug|Any CPU
		{2DEA83F4-939F-465E-8C6C-612ACEAE27D1}.Debug|Any CPU.Build.0 = Debug|Any CPU
		{2DEA83F4-939F-465E-8C6C-612ACEAE27D1}.Release|Any CPU.ActiveCfg = Release|Any CPU
		{2DEA83F4-939F-465E-8C6C-612ACEAE27D1}.Release|Any CPU.Build.0 = Release|Any CPU
	EndGlobalSection
	GlobalSection(SolutionProperties) = preSolution
		HideSolutionNode = FALSE
	EndGlobalSection
EndGlobal
